// !$*UTF8*$!
{
	archiveVersion = 1;
	classes = {
	};
	objectVersion = 55;
	objects = {

/* Begin PBXBuildFile section */
		0B3AF1F9282538C300C0AC45 /* UIKitRestrictingInputTests.swift in Sources */ = {isa = PBXBuildFile; fileRef = 0B3AF1F8282538C300C0AC45 /* UIKitRestrictingInputTests.swift */; };
		0BFA724F2825308C00E261A1 /* AppDelegate.swift in Sources */ = {isa = PBXBuildFile; fileRef = 0BFA724E2825308C00E261A1 /* AppDelegate.swift */; };
		0BFA72512825308C00E261A1 /* SceneDelegate.swift in Sources */ = {isa = PBXBuildFile; fileRef = 0BFA72502825308C00E261A1 /* SceneDelegate.swift */; };
		0BFA72532825308C00E261A1 /* TextFieldsViewController.swift in Sources */ = {isa = PBXBuildFile; fileRef = 0BFA72522825308C00E261A1 /* TextFieldsViewController.swift */; };
		0BFA72562825308C00E261A1 /* Main.storyboard in Resources */ = {isa = PBXBuildFile; fileRef = 0BFA72542825308C00E261A1 /* Main.storyboard */; };
		0BFA72582825309200E261A1 /* Assets.xcassets in Resources */ = {isa = PBXBuildFile; fileRef = 0BFA72572825309200E261A1 /* Assets.xcassets */; };
		0BFA725B2825309200E261A1 /* LaunchScreen.storyboard in Resources */ = {isa = PBXBuildFile; fileRef = 0BFA72592825309200E261A1 /* LaunchScreen.storyboard */; };
/* End PBXBuildFile section */

/* Begin PBXContainerItemProxy section */
		0B3AF1FA282538C300C0AC45 /* PBXContainerItemProxy */ = {
			isa = PBXContainerItemProxy;
			containerPortal = 0BFA72432825308B00E261A1 /* Project object */;
			proxyType = 1;
			remoteGlobalIDString = 0BFA724A2825308C00E261A1;
			remoteInfo = "UIKit-RestrictingInput";
		};
/* End PBXContainerItemProxy section */

/* Begin PBXFileReference section */
		0B3AF1F6282538C300C0AC45 /* UIKitRestrictingInputTests.xctest */ = {isa = PBXFileReference; explicitFileType = wrapper.cfbundle; includeInIndex = 0; path = UIKitRestrictingInputTests.xctest; sourceTree = BUILT_PRODUCTS_DIR; };
		0B3AF1F8282538C300C0AC45 /* UIKitRestrictingInputTests.swift */ = {isa = PBXFileReference; lastKnownFileType = sourcecode.swift; path = UIKitRestrictingInputTests.swift; sourceTree = "<group>"; };
		0BFA724B2825308C00E261A1 /* UIKitRestrictingInput.app */ = {isa = PBXFileReference; explicitFileType = wrapper.application; includeInIndex = 0; path = UIKitRestrictingInput.app; sourceTree = BUILT_PRODUCTS_DIR; };
		0BFA724E2825308C00E261A1 /* AppDelegate.swift */ = {isa = PBXFileReference; lastKnownFileType = sourcecode.swift; path = AppDelegate.swift; sourceTree = "<group>"; };
		0BFA72502825308C00E261A1 /* SceneDelegate.swift */ = {isa = PBXFileReference; lastKnownFileType = sourcecode.swift; path = SceneDelegate.swift; sourceTree = "<group>"; };
		0BFA72522825308C00E261A1 /* TextFieldsViewController.swift */ = {isa = PBXFileReference; lastKnownFileType = sourcecode.swift; path = TextFieldsViewController.swift; sourceTree = "<group>"; };
		0BFA72552825308C00E261A1 /* Base */ = {isa = PBXFileReference; lastKnownFileType = file.storyboard; name = Base; path = Base.lproj/Main.storyboard; sourceTree = "<group>"; };
		0BFA72572825309200E261A1 /* Assets.xcassets */ = {isa = PBXFileReference; lastKnownFileType = folder.assetcatalog; path = Assets.xcassets; sourceTree = "<group>"; };
		0BFA725A2825309200E261A1 /* Base */ = {isa = PBXFileReference; lastKnownFileType = file.storyboard; name = Base; path = Base.lproj/LaunchScreen.storyboard; sourceTree = "<group>"; };
		0BFA725C2825309200E261A1 /* Info.plist */ = {isa = PBXFileReference; lastKnownFileType = text.plist.xml; path = Info.plist; sourceTree = "<group>"; };
/* End PBXFileReference section */

/* Begin PBXFrameworksBuildPhase section */
		0B3AF1F3282538C300C0AC45 /* Frameworks */ = {
			isa = PBXFrameworksBuildPhase;
			buildActionMask = 2147483647;
			files = (
			);
			runOnlyForDeploymentPostprocessing = 0;
		};
		0BFA72482825308C00E261A1 /* Frameworks */ = {
			isa = PBXFrameworksBuildPhase;
			buildActionMask = 2147483647;
			files = (
			);
			runOnlyForDeploymentPostprocessing = 0;
		};
/* End PBXFrameworksBuildPhase section */

/* Begin PBXGroup section */
		0B3AF1F7282538C300C0AC45 /* UIKitRestrictingInputTests */ = {
			isa = PBXGroup;
			children = (
				0B3AF1F8282538C300C0AC45 /* UIKitRestrictingInputTests.swift */,
			);
			path = UIKitRestrictingInputTests;
			sourceTree = "<group>";
		};
		0BFA72422825308B00E261A1 = {
			isa = PBXGroup;
			children = (
				0BFA724D2825308C00E261A1 /* UIKitRestrictingInput */,
				0B3AF1F7282538C300C0AC45 /* UIKitRestrictingInputTests */,
				0BFA724C2825308C00E261A1 /* Products */,
			);
			sourceTree = "<group>";
		};
		0BFA724C2825308C00E261A1 /* Products */ = {
			isa = PBXGroup;
			children = (
				0BFA724B2825308C00E261A1 /* UIKitRestrictingInput.app */,
				0B3AF1F6282538C300C0AC45 /* UIKitRestrictingInputTests.xctest */,
			);
			name = Products;
			sourceTree = "<group>";
		};
		0BFA724D2825308C00E261A1 /* UIKitRestrictingInput */ = {
			isa = PBXGroup;
			children = (
				0BFA724E2825308C00E261A1 /* AppDelegate.swift */,
				0BFA72502825308C00E261A1 /* SceneDelegate.swift */,
				0BFA72522825308C00E261A1 /* TextFieldsViewController.swift */,
				0BFA72542825308C00E261A1 /* Main.storyboard */,
				0BFA72572825309200E261A1 /* Assets.xcassets */,
				0BFA72592825309200E261A1 /* LaunchScreen.storyboard */,
				0BFA725C2825309200E261A1 /* Info.plist */,
			);
			path = UIKitRestrictingInput;
			sourceTree = "<group>";
		};
/* End PBXGroup section */

/* Begin PBXNativeTarget section */
		0B3AF1F5282538C300C0AC45 /* UIKitRestrictingInputTests */ = {
			isa = PBXNativeTarget;
			buildConfigurationList = 0B3AF1FE282538C300C0AC45 /* Build configuration list for PBXNativeTarget "UIKitRestrictingInputTests" */;
			buildPhases = (
				0B3AF1F2282538C300C0AC45 /* Sources */,
				0B3AF1F3282538C300C0AC45 /* Frameworks */,
				0B3AF1F4282538C300C0AC45 /* Resources */,
			);
			buildRules = (
			);
			dependencies = (
				0B3AF1FB282538C300C0AC45 /* PBXTargetDependency */,
			);
			name = UIKitRestrictingInputTests;
			productName = "UIKit-RestrictingInputTests";
			productReference = 0B3AF1F6282538C300C0AC45 /* UIKitRestrictingInputTests.xctest */;
			productType = "com.apple.product-type.bundle.unit-test";
		};
		0BFA724A2825308C00E261A1 /* UIKitRestrictingInput */ = {
			isa = PBXNativeTarget;
			buildConfigurationList = 0BFA725F2825309200E261A1 /* Build configuration list for PBXNativeTarget "UIKitRestrictingInput" */;
			buildPhases = (
				0BFA72472825308C00E261A1 /* Sources */,
				0BFA72482825308C00E261A1 /* Frameworks */,
				0BFA72492825308C00E261A1 /* Resources */,
			);
			buildRules = (
			);
			dependencies = (
			);
			name = UIKitRestrictingInput;
			productName = "UIKit-RestrictingInput";
			productReference = 0BFA724B2825308C00E261A1 /* UIKitRestrictingInput.app */;
			productType = "com.apple.product-type.application";
		};
/* End PBXNativeTarget section */

/* Begin PBXProject section */
		0BFA72432825308B00E261A1 /* Project object */ = {
			isa = PBXProject;
			attributes = {
				BuildIndependentTargetsInParallel = 1;
				LastSwiftUpdateCheck = 1320;
				LastUpgradeCheck = 1320;
				TargetAttributes = {
					0B3AF1F5282538C300C0AC45 = {
						CreatedOnToolsVersion = 13.2.1;
						TestTargetID = 0BFA724A2825308C00E261A1;
					};
					0BFA724A2825308C00E261A1 = {
						CreatedOnToolsVersion = 13.2.1;
					};
				};
			};
			buildConfigurationList = 0BFA72462825308B00E261A1 /* Build configuration list for PBXProject "UIKitRestrictingInput" */;
			compatibilityVersion = "Xcode 13.0";
			developmentRegion = en;
			hasScannedForEncodings = 0;
			knownRegions = (
				en,
				Base,
			);
			mainGroup = 0BFA72422825308B00E261A1;
			productRefGroup = 0BFA724C2825308C00E261A1 /* Products */;
			projectDirPath = "";
			projectRoot = "";
			targets = (
				0BFA724A2825308C00E261A1 /* UIKitRestrictingInput */,
				0B3AF1F5282538C300C0AC45 /* UIKitRestrictingInputTests */,
			);
		};
/* End PBXProject section */

/* Begin PBXResourcesBuildPhase section */
		0B3AF1F4282538C300C0AC45 /* Resources */ = {
			isa = PBXResourcesBuildPhase;
			buildActionMask = 2147483647;
			files = (
			);
			runOnlyForDeploymentPostprocessing = 0;
		};
		0BFA72492825308C00E261A1 /* Resources */ = {
			isa = PBXResourcesBuildPhase;
			buildActionMask = 2147483647;
			files = (
				0BFA725B2825309200E261A1 /* LaunchScreen.storyboard in Resources */,
				0BFA72582825309200E261A1 /* Assets.xcassets in Resources */,
				0BFA72562825308C00E261A1 /* Main.storyboard in Resources */,
			);
			runOnlyForDeploymentPostprocessing = 0;
		};
/* End PBXResourcesBuildPhase section */

/* Begin PBXSourcesBuildPhase section */
		0B3AF1F2282538C300C0AC45 /* Sources */ = {
			isa = PBXSourcesBuildPhase;
			buildActionMask = 2147483647;
			files = (
				0B3AF1F9282538C300C0AC45 /* UIKitRestrictingInputTests.swift in Sources */,
			);
			runOnlyForDeploymentPostprocessing = 0;
		};
		0BFA72472825308C00E261A1 /* Sources */ = {
			isa = PBXSourcesBuildPhase;
			buildActionMask = 2147483647;
			files = (
				0BFA72532825308C00E261A1 /* TextFieldsViewController.swift in Sources */,
				0BFA724F2825308C00E261A1 /* AppDelegate.swift in Sources */,
				0BFA72512825308C00E261A1 /* SceneDelegate.swift in Sources */,
			);
			runOnlyForDeploymentPostprocessing = 0;
		};
/* End PBXSourcesBuildPhase section */

/* Begin PBXTargetDependency section */
		0B3AF1FB282538C300C0AC45 /* PBXTargetDependency */ = {
			isa = PBXTargetDependency;
			target = 0BFA724A2825308C00E261A1 /* UIKitRestrictingInput */;
			targetProxy = 0B3AF1FA282538C300C0AC45 /* PBXContainerItemProxy */;
		};
/* End PBXTargetDependency section */

/* Begin PBXVariantGroup section */
		0BFA72542825308C00E261A1 /* Main.storyboard */ = {
			isa = PBXVariantGroup;
			children = (
				0BFA72552825308C00E261A1 /* Base */,
			);
			name = Main.storyboard;
			sourceTree = "<group>";
		};
		0BFA72592825309200E261A1 /* LaunchScreen.storyboard */ = {
			isa = PBXVariantGroup;
			children = (
				0BFA725A2825309200E261A1 /* Base */,
			);
			name = LaunchScreen.storyboard;
			sourceTree = "<group>";
		};
/* End PBXVariantGroup section */

/* Begin XCBuildConfiguration section */
		0B3AF1FC282538C300C0AC45 /* Debug */ = {
			isa = XCBuildConfiguration;
			buildSettings = {
				BUNDLE_LOADER = "$(TEST_HOST)";
				CODE_SIGN_STYLE = Automatic;
				CURRENT_PROJECT_VERSION = 1;
				DEVELOPMENT_TEAM = XGAQ4P4W84;
				GENERATE_INFOPLIST_FILE = YES;
				MARKETING_VERSION = 1.0;
				PRODUCT_BUNDLE_IDENTIFIER = "com.kuldarya.UIKit-RestrictingInputTests";
				PRODUCT_NAME = "$(TARGET_NAME)";
				SWIFT_EMIT_LOC_STRINGS = NO;
				SWIFT_VERSION = 5.0;
				TARGETED_DEVICE_FAMILY = "1,2";
				TEST_HOST = "$(BUILT_PRODUCTS_DIR)/UIKitRestrictingInput.app/UIKitRestrictingInput";
			};
			name = Debug;
		};
		0B3AF1FD282538C300C0AC45 /* Release */ = {
			isa = XCBuildConfiguration;
			buildSettings = {
				BUNDLE_LOADER = "$(TEST_HOST)";
				CODE_SIGN_STYLE = Automatic;
				CURRENT_PROJECT_VERSION = 1;
				DEVELOPMENT_TEAM = XGAQ4P4W84;
				GENERATE_INFOPLIST_FILE = YES;
				MARKETING_VERSION = 1.0;
				PRODUCT_BUNDLE_IDENTIFIER = "com.kuldarya.UIKit-RestrictingInputTests";
				PRODUCT_NAME = "$(TARGET_NAME)";
				SWIFT_EMIT_LOC_STRINGS = NO;
				SWIFT_VERSION = 5.0;
				TARGETED_DEVICE_FAMILY = "1,2";
				TEST_HOST = "$(BUILT_PRODUCTS_DIR)/UIKitRestrictingInput.app/UIKitRestrictingInput";
			};
			name = Release;
		};
		0BFA725D2825309200E261A1 /* Debug */ = {
			isa = XCBuildConfiguration;
			buildSettings = {
				ALWAYS_SEARCH_USER_PATHS = NO;
				CLANG_ANALYZER_NONNULL = YES;
				CLANG_ANALYZER_NUMBER_OBJECT_CONVERSION = YES_AGGRESSIVE;
				CLANG_CXX_LANGUAGE_STANDARD = "gnu++17";
				CLANG_CXX_LIBRARY = "libc++";
				CLANG_ENABLE_MODULES = YES;
				CLANG_ENABLE_OBJC_ARC = YES;
				CLANG_ENABLE_OBJC_WEAK = YES;
				CLANG_WARN_BLOCK_CAPTURE_AUTORELEASING = YES;
				CLANG_WARN_BOOL_CONVERSION = YES;
				CLANG_WARN_COMMA = YES;
				CLANG_WARN_CONSTANT_CONVERSION = YES;
				CLANG_WARN_DEPRECATED_OBJC_IMPLEMENTATIONS = YES;
				CLANG_WARN_DIRECT_OBJC_ISA_USAGE = YES_ERROR;
				CLANG_WARN_DOCUMENTATION_COMMENTS = YES;
				CLANG_WARN_EMPTY_BODY = YES;
				CLANG_WARN_ENUM_CONVERSION = YES;
				CLANG_WARN_INFINITE_RECURSION = YES;
				CLANG_WARN_INT_CONVERSION = YES;
				CLANG_WARN_NON_LITERAL_NULL_CONVERSION = YES;
				CLANG_WARN_OBJC_IMPLICIT_RETAIN_SELF = YES;
				CLANG_WARN_OBJC_LITERAL_CONVERSION = YES;
				CLANG_WARN_OBJC_ROOT_CLASS = YES_ERROR;
				CLANG_WARN_QUOTED_INCLUDE_IN_FRAMEWORK_HEADER = YES;
				CLANG_WARN_RANGE_LOOP_ANALYSIS = YES;
				CLANG_WARN_STRICT_PROTOTYPES = YES;
				CLANG_WARN_SUSPICIOUS_MOVE = YES;
				CLANG_WARN_UNGUARDED_AVAILABILITY = YES_AGGRESSIVE;
				CLANG_WARN_UNREACHABLE_CODE = YES;
				CLANG_WARN__DUPLICATE_METHOD_MATCH = YES;
				COPY_PHASE_STRIP = NO;
				DEBUG_INFORMATION_FORMAT = dwarf;
				ENABLE_STRICT_OBJC_MSGSEND = YES;
				ENABLE_TESTABILITY = YES;
				GCC_C_LANGUAGE_STANDARD = gnu11;
				GCC_DYNAMIC_NO_PIC = NO;
				GCC_NO_COMMON_BLOCKS = YES;
				GCC_OPTIMIZATION_LEVEL = 0;
				GCC_PREPROCESSOR_DEFINITIONS = (
					"DEBUG=1",
					"$(inherited)",
				);
				GCC_WARN_64_TO_32_BIT_CONVERSION = YES;
				GCC_WARN_ABOUT_RETURN_TYPE = YES_ERROR;
				GCC_WARN_UNDECLARED_SELECTOR = YES;
				GCC_WARN_UNINITIALIZED_AUTOS = YES_AGGRESSIVE;
				GCC_WARN_UNUSED_FUNCTION = YES;
				GCC_WARN_UNUSED_VARIABLE = YES;
				IPHONEOS_DEPLOYMENT_TARGET = 15.2;
				MTL_ENABLE_DEBUG_INFO = INCLUDE_SOURCE;
				MTL_FAST_MATH = YES;
				ONLY_ACTIVE_ARCH = YES;
				SDKROOT = iphoneos;
				SWIFT_ACTIVE_COMPILATION_CONDITIONS = DEBUG;
				SWIFT_OPTIMIZATION_LEVEL = "-Onone";
			};
			name = Debug;
		};
		0BFA725E2825309200E261A1 /* Release */ = {
			isa = XCBuildConfiguration;
			buildSettings = {
				ALWAYS_SEARCH_USER_PATHS = NO;
				CLANG_ANALYZER_NONNULL = YES;
				CLANG_ANALYZER_NUMBER_OBJECT_CONVERSION = YES_AGGRESSIVE;
				CLANG_CXX_LANGUAGE_STANDARD = "gnu++17";
				CLANG_CXX_LIBRARY = "libc++";
				CLANG_ENABLE_MODULES = YES;
				CLANG_ENABLE_OBJC_ARC = YES;
				CLANG_ENABLE_OBJC_WEAK = YES;
				CLANG_WARN_BLOCK_CAPTURE_AUTORELEASING = YES;
				CLANG_WARN_BOOL_CONVERSION = YES;
				CLANG_WARN_COMMA = YES;
				CLANG_WARN_CONSTANT_CONVERSION = YES;
				CLANG_WARN_DEPRECATED_OBJC_IMPLEMENTATIONS = YES;
				CLANG_WARN_DIRECT_OBJC_ISA_USAGE = YES_ERROR;
				CLANG_WARN_DOCUMENTATION_COMMENTS = YES;
				CLANG_WARN_EMPTY_BODY = YES;
				CLANG_WARN_ENUM_CONVERSION = YES;
				CLANG_WARN_INFINITE_RECURSION = YES;
				CLANG_WARN_INT_CONVERSION = YES;
				CLANG_WARN_NON_LITERAL_NULL_CONVERSION = YES;
				CLANG_WARN_OBJC_IMPLICIT_RETAIN_SELF = YES;
				CLANG_WARN_OBJC_LITERAL_CONVERSION = YES;
				CLANG_WARN_OBJC_ROOT_CLASS = YES_ERROR;
				CLANG_WARN_QUOTED_INCLUDE_IN_FRAMEWORK_HEADER = YES;
				CLANG_WARN_RANGE_LOOP_ANALYSIS = YES;
				CLANG_WARN_STRICT_PROTOTYPES = YES;
				CLANG_WARN_SUSPICIOUS_MOVE = YES;
				CLANG_WARN_UNGUARDED_AVAILABILITY = YES_AGGRESSIVE;
				CLANG_WARN_UNREACHABLE_CODE = YES;
				CLANG_WARN__DUPLICATE_METHOD_MATCH = YES;
				COPY_PHASE_STRIP = NO;
				DEBUG_INFORMATION_FORMAT = "dwarf-with-dsym";
				ENABLE_NS_ASSERTIONS = NO;
				ENABLE_STRICT_OBJC_MSGSEND = YES;
				GCC_C_LANGUAGE_STANDARD = gnu11;
				GCC_NO_COMMON_BLOCKS = YES;
				GCC_WARN_64_TO_32_BIT_CONVERSION = YES;
				GCC_WARN_ABOUT_RETURN_TYPE = YES_ERROR;
				GCC_WARN_UNDECLARED_SELECTOR = YES;
				GCC_WARN_UNINITIALIZED_AUTOS = YES_AGGRESSIVE;
				GCC_WARN_UNUSED_FUNCTION = YES;
				GCC_WARN_UNUSED_VARIABLE = YES;
				IPHONEOS_DEPLOYMENT_TARGET = 15.2;
				MTL_ENABLE_DEBUG_INFO = NO;
				MTL_FAST_MATH = YES;
				SDKROOT = iphoneos;
				SWIFT_COMPILATION_MODE = wholemodule;
				SWIFT_OPTIMIZATION_LEVEL = "-O";
				VALIDATE_PRODUCT = YES;
			};
			name = Release;
		};
		0BFA72602825309200E261A1 /* Debug */ = {
			isa = XCBuildConfiguration;
			buildSettings = {
				ASSETCATALOG_COMPILER_APPICON_NAME = AppIcon;
				ASSETCATALOG_COMPILER_GLOBAL_ACCENT_COLOR_NAME = AccentColor;
				CODE_SIGN_STYLE = Automatic;
				CURRENT_PROJECT_VERSION = 1;
				DEVELOPMENT_TEAM = XGAQ4P4W84;
				GENERATE_INFOPLIST_FILE = YES;
				INFOPLIST_FILE = UIKitRestrictingInput/Info.plist;
				INFOPLIST_KEY_UIApplicationSupportsIndirectInputEvents = YES;
				INFOPLIST_KEY_UILaunchStoryboardName = LaunchScreen;
				INFOPLIST_KEY_UIMainStoryboardFile = Main;
				INFOPLIST_KEY_UISupportedInterfaceOrientations_iPad = "UIInterfaceOrientationPortrait UIInterfaceOrientationPortraitUpsideDown UIInterfaceOrientationLandscapeLeft UIInterfaceOrientationLandscapeRight";
				INFOPLIST_KEY_UISupportedInterfaceOrientations_iPhone = "UIInterfaceOrientationPortrait UIInterfaceOrientationLandscapeLeft UIInterfaceOrientationLandscapeRight";
				LD_RUNPATH_SEARCH_PATHS = (
					"$(inherited)",
					"@executable_path/Frameworks",
				);
				MARKETING_VERSION = 1.0;
				PRODUCT_BUNDLE_IDENTIFIER = com.kuldarya.UIKitRestrictingInput;
				PRODUCT_NAME = "$(TARGET_NAME)";
				SWIFT_EMIT_LOC_STRINGS = YES;
				SWIFT_VERSION = 5.0;
				TARGETED_DEVICE_FAMILY = "1,2";
			};
			name = Debug;
		};
		0BFA72612825309200E261A1 /* Release */ = {
			isa = XCBuildConfiguration;
			buildSettings = {
				ASSETCATALOG_COMPILER_APPICON_NAME = AppIcon;
				ASSETCATALOG_COMPILER_GLOBAL_ACCENT_COLOR_NAME = AccentColor;
				CODE_SIGN_STYLE = Automatic;
				CURRENT_PROJECT_VERSION = 1;
				DEVELOPMENT_TEAM = XGAQ4P4W84;
				GENERATE_INFOPLIST_FILE = YES;
				INFOPLIST_FILE = UIKitRestrictingInput/Info.plist;
				INFOPLIST_KEY_UIApplicationSupportsIndirectInputEvents = YES;
				INFOPLIST_KEY_UILaunchStoryboardName = LaunchScreen;
				INFOPLIST_KEY_UIMainStoryboardFile = Main;
				INFOPLIST_KEY_UISupportedInterfaceOrientations_iPad = "UIInterfaceOrientationPortrait UIInterfaceOrientationPortraitUpsideDown UIInterfaceOrientationLandscapeLeft UIInterfaceOrientationLandscapeRight";
				INFOPLIST_KEY_UISupportedInterfaceOrientations_iPhone = "UIInterfaceOrientationPortrait UIInterfaceOrientationLandscapeLeft UIInterfaceOrientationLandscapeRight";
				LD_RUNPATH_SEARCH_PATHS = (
					"$(inherited)",
					"@executable_path/Frameworks",
				);
				MARKETING_VERSION = 1.0;
				PRODUCT_BUNDLE_IDENTIFIER = com.kuldarya.UIKitRestrictingInput;
				PRODUCT_NAME = "$(TARGET_NAME)";
				SWIFT_EMIT_LOC_STRINGS = YES;
				SWIFT_VERSION = 5.0;
				TARGETED_DEVICE_FAMILY = "1,2";
			};
			name = Release;
		};
/* End XCBuildConfiguration section */

/* Begin XCConfigurationList section */
		0B3AF1FE282538C300C0AC45 /* Build configuration list for PBXNativeTarget "UIKitRestrictingInputTests" */ = {
			isa = XCConfigurationList;
			buildConfigurations = (
				0B3AF1FC282538C300C0AC45 /* Debug */,
				0B3AF1FD282538C300C0AC45 /* Release */,
			);
			defaultConfigurationIsVisible = 0;
			defaultConfigurationName = Release;
		};
		0BFA72462825308B00E261A1 /* Build configuration list for PBXProject "UIKitRestrictingInput" */ = {
			isa = XCConfigurationList;
			buildConfigurations = (
				0BFA725D2825309200E261A1 /* Debug */,
				0BFA725E2825309200E261A1 /* Release */,
			);
			defaultConfigurationIsVisible = 0;
			defaultConfigurationName = Release;
		};
		0BFA725F2825309200E261A1 /* Build configuration list for PBXNativeTarget "UIKitRestrictingInput" */ = {
			isa = XCConfigurationList;
			buildConfigurations = (
				0BFA72602825309200E261A1 /* Debug */,
				0BFA72612825309200E261A1 /* Release */,
			);
			defaultConfigurationIsVisible = 0;
			defaultConfigurationName = Release;
		};
/* End XCConfigurationList section */
	};
	rootObject = 0BFA72432825308B00E261A1 /* Project object */;
}
